// !$*UTF8*$!
{
	archiveVersion = 1;
	classes = {
	};
	objectVersion = 56;
	objects = {

/* Begin PBXBuildFile section */
		AAA000001 /* ClaudeStatsApp.swift in Sources */ = {isa = PBXBuildFile; fileRef = BBB000001; };
		AAA000002 /* StatsCache.swift in Sources */ = {isa = PBXBuildFile; fileRef = BBB000002; };
		AAA000003 /* StatsViewModel.swift in Sources */ = {isa = PBXBuildFile; fileRef = BBB000003; };
		AAA000004 /* MenuContentView.swift in Sources */ = {isa = PBXBuildFile; fileRef = BBB000004; };
		AAA000005 /* UsageRowView.swift in Sources */ = {isa = PBXBuildFile; fileRef = BBB000005; };
		AAA000006 /* SettingsView.swift in Sources */ = {isa = PBXBuildFile; fileRef = BBB000006; };
		AAA000007 /* UsageData.swift in Sources */ = {isa = PBXBuildFile; fileRef = BBB000008; };
		AAA000008 /* ClaudeIcon.swift in Sources */ = {isa = PBXBuildFile; fileRef = BBB000009; };
		AAA000009 /* Assets.xcassets in Resources */ = {isa = PBXBuildFile; fileRef = BBB000010; };
		AAA000010 /* NotificationManager.swift in Sources */ = {isa = PBXBuildFile; fileRef = BBB000011; };
		AAA000011 /* ClaudeCodeManager.swift in Sources */ = {isa = PBXBuildFile; fileRef = BBB000012; };
/* End PBXBuildFile section */

/* Begin PBXFileReference section */
		BBB000001 /* ClaudeStatsApp.swift */ = {isa = PBXFileReference; lastKnownFileType = sourcecode.swift; path = ClaudeStatsApp.swift; sourceTree = "<group>"; };
		BBB000002 /* StatsCache.swift */ = {isa = PBXFileReference; lastKnownFileType = sourcecode.swift; path = StatsCache.swift; sourceTree = "<group>"; };
		BBB000003 /* StatsViewModel.swift */ = {isa = PBXFileReference; lastKnownFileType = sourcecode.swift; path = StatsViewModel.swift; sourceTree = "<group>"; };
		BBB000004 /* MenuContentView.swift */ = {isa = PBXFileReference; lastKnownFileType = sourcecode.swift; path = MenuContentView.swift; sourceTree = "<group>"; };
		BBB000005 /* UsageRowView.swift */ = {isa = PBXFileReference; lastKnownFileType = sourcecode.swift; path = UsageRowView.swift; sourceTree = "<group>"; };
		BBB000006 /* SettingsView.swift */ = {isa = PBXFileReference; lastKnownFileType = sourcecode.swift; path = SettingsView.swift; sourceTree = "<group>"; };
		BBB000007 /* Info.plist */ = {isa = PBXFileReference; lastKnownFileType = text.plist.xml; path = Info.plist; sourceTree = "<group>"; };
		BBB000008 /* UsageData.swift */ = {isa = PBXFileReference; lastKnownFileType = sourcecode.swift; path = UsageData.swift; sourceTree = "<group>"; };
		BBB000009 /* ClaudeIcon.swift */ = {isa = PBXFileReference; lastKnownFileType = sourcecode.swift; path = ClaudeIcon.swift; sourceTree = "<group>"; };
		BBB000010 /* Assets.xcassets */ = {isa = PBXFileReference; lastKnownFileType = folder.assetcatalog; path = Assets.xcassets; sourceTree = "<group>"; };
		BBB000011 /* NotificationManager.swift */ = {isa = PBXFileReference; lastKnownFileType = sourcecode.swift; path = NotificationManager.swift; sourceTree = "<group>"; };
		BBB000012 /* ClaudeCodeManager.swift */ = {isa = PBXFileReference; lastKnownFileType = sourcecode.swift; path = ClaudeCodeManager.swift; sourceTree = "<group>"; };
		CCC000001 /* ClaudeStats.app */ = {isa = PBXFileReference; explicitFileType = wrapper.application; includeInIndex = 0; path = ClaudeStats.app; sourceTree = BUILT_PRODUCTS_DIR; };
/* End PBXFileReference section */

/* Begin PBXFrameworksBuildPhase section */
		DDD000001 /* Frameworks */ = {
			isa = PBXFrameworksBuildPhase;
			buildActionMask = 2147483647;
			files = (
			);
			runOnlyForDeploymentPostprocessing = 0;
		};
/* End PBXFrameworksBuildPhase section */

/* Begin PBXGroup section */
		EEE000001 = {
			isa = PBXGroup;
			children = (
				EEE000002 /* ClaudeStats */,
				EEE000005 /* Products */,
			);
			sourceTree = "<group>";
		};
		EEE000002 /* ClaudeStats */ = {
			isa = PBXGroup;
			children = (
				BBB000001 /* ClaudeStatsApp.swift */,
				BBB000003 /* StatsViewModel.swift */,
				BBB000009 /* ClaudeIcon.swift */,
				BBB000011 /* NotificationManager.swift */,
				BBB000012 /* ClaudeCodeManager.swift */,
				BBB000010 /* Assets.xcassets */,
				BBB000007 /* Info.plist */,
				EEE000003 /* Models */,
				EEE000004 /* Views */,
			);
			path = ClaudeStats;
			sourceTree = "<group>";
		};
		EEE000003 /* Models */ = {
			isa = PBXGroup;
			children = (
				BBB000002 /* StatsCache.swift */,
				BBB000008 /* UsageData.swift */,
			);
			path = Models;
			sourceTree = "<group>";
		};
		EEE000004 /* Views */ = {
			isa = PBXGroup;
			children = (
				BBB000004 /* MenuContentView.swift */,
				BBB000005 /* UsageRowView.swift */,
				BBB000006 /* SettingsView.swift */,
			);
			path = Views;
			sourceTree = "<group>";
		};
		EEE000005 /* Products */ = {
			isa = PBXGroup;
			children = (
				CCC000001 /* ClaudeStats.app */,
			);
			name = Products;
			sourceTree = "<group>";
		};
/* End PBXGroup section */

/* Begin PBXNativeTarget section */
		FFF000001 /* ClaudeStats */ = {
			isa = PBXNativeTarget;
			buildConfigurationList = GGG000003 /* Build configuration list for PBXNativeTarget "ClaudeStats" */;
			buildPhases = (
				FFF000002 /* Sources */,
				DDD000001 /* Frameworks */,
				FFF000003 /* Resources */,
			);
			buildRules = (
			);
			dependencies = (
			);
			name = ClaudeStats;
			productName = ClaudeStats;
			productReference = CCC000001 /* ClaudeStats.app */;
			productType = "com.apple.product-type.application";
		};
/* End PBXNativeTarget section */

/* Begin PBXProject section */
		HHH000001 /* Project object */ = {
			isa = PBXProject;
			attributes = {
				BuildIndependentTargetsInParallel = 1;
				LastSwiftUpdateCheck = 1500;
				LastUpgradeCheck = 1500;
				TargetAttributes = {
					FFF000001 = {
						CreatedOnToolsVersion = 15.0;
					};
				};
			};
			buildConfigurationList = GGG000001 /* Build configuration list for PBXProject "ClaudeStats" */;
			compatibilityVersion = "Xcode 14.0";
			developmentRegion = en;
			hasScannedForEncodings = 0;
			knownRegions = (
				en,
				Base,
			);
			mainGroup = EEE000001;
			productRefGroup = EEE000005 /* Products */;
			projectDirPath = "";
			projectRoot = "";
			targets = (
				FFF000001 /* ClaudeStats */,
			);
		};
/* End PBXProject section */

/* Begin PBXResourcesBuildPhase section */
		FFF000003 /* Resources */ = {
			isa = PBXResourcesBuildPhase;
			buildActionMask = 2147483647;
			files = (
				AAA000009 /* Assets.xcassets in Resources */,
			);
			runOnlyForDeploymentPostprocessing = 0;
		};
/* End PBXResourcesBuildPhase section */

/* Begin PBXSourcesBuildPhase section */
		FFF000002 /* Sources */ = {
			isa = PBXSourcesBuildPhase;
			buildActionMask = 2147483647;
			files = (
				AAA000001 /* ClaudeStatsApp.swift in Sources */,
				AAA000002 /* StatsCache.swift in Sources */,
				AAA000003 /* StatsViewModel.swift in Sources */,
				AAA000004 /* MenuContentView.swift in Sources */,
				AAA000005 /* UsageRowView.swift in Sources */,
				AAA000006 /* SettingsView.swift in Sources */,
				AAA000007 /* UsageData.swift in Sources */,
				AAA000008 /* ClaudeIcon.swift in Sources */,
				AAA000010 /* NotificationManager.swift in Sources */,
				AAA000011 /* ClaudeCodeManager.swift in Sources */,
			);
			runOnlyForDeploymentPostprocessing = 0;
		};
/* End PBXSourcesBuildPhase section */

/* Begin XCBuildConfiguration section */
		GGG000002 /* Debug */ = {
			isa = XCBuildConfiguration;
			buildSettings = {
				ALWAYS_SEARCH_USER_PATHS = NO;
				ASSETCATALOG_COMPILER_GENERATE_SWIFT_ASSET_SYMBOL_EXTENSIONS = YES;
				CLANG_ANALYZER_NONNULL = YES;
				CLANG_ANALYZER_NUMBER_OBJECT_CONVERSION = YES_AGGRESSIVE;
				CLANG_CXX_LANGUAGE_STANDARD = "gnu++20";
				CLANG_ENABLE_MODULES = YES;
				CLANG_ENABLE_OBJC_ARC = YES;
				CLANG_ENABLE_OBJC_WEAK = YES;
				CLANG_WARN_BLOCK_CAPTURE_AUTORELEASING = YES;
				CLANG_WARN_BOOL_CONVERSION = YES;
				CLANG_WARN_COMMA = YES;
				CLANG_WARN_CONSTANT_CONVERSION = YES;
				CLANG_WARN_DEPRECATED_OBJC_IMPLEMENTATIONS = YES;
				CLANG_WARN_DIRECT_OBJC_ISA_USAGE = YES_ERROR;
				CLANG_WARN_DOCUMENTATION_COMMENTS = YES;
				CLANG_WARN_EMPTY_BODY = YES;
				CLANG_WARN_ENUM_CONVERSION = YES;
				CLANG_WARN_INFINITE_RECURSION = YES;
				CLANG_WARN_INT_CONVERSION = YES;
				CLANG_WARN_NON_LITERAL_NULL_CONVERSION = YES;
				CLANG_WARN_OBJC_IMPLICIT_RETAIN_SELF = YES;
				CLANG_WARN_OBJC_LITERAL_CONVERSION = YES;
				CLANG_WARN_OBJC_ROOT_CLASS = YES_ERROR;
				CLANG_WARN_QUOTED_INCLUDE_IN_FRAMEWORK_HEADER = YES;
				CLANG_WARN_RANGE_LOOP_ANALYSIS = YES;
				CLANG_WARN_STRICT_PROTOTYPES = YES;
				CLANG_WARN_SUSPICIOUS_MOVE = YES;
				CLANG_WARN_UNGUARDED_AVAILABILITY = YES_AGGRESSIVE;
				CLANG_WARN_UNREACHABLE_CODE = YES;
				CLANG_WARN__DUPLICATE_METHOD_MATCH = YES;
				COPY_PHASE_STRIP = NO;
				DEBUG_INFORMATION_FORMAT = dwarf;
				ENABLE_STRICT_OBJC_MSGSEND = YES;
				ENABLE_TESTABILITY = YES;
				ENABLE_USER_SCRIPT_SANDBOXING = YES;
				GCC_C_LANGUAGE_STANDARD = gnu17;
				GCC_DYNAMIC_NO_PIC = NO;
				GCC_NO_COMMON_BLOCKS = YES;
				GCC_OPTIMIZATION_LEVEL = 0;
				GCC_PREPROCESSOR_DEFINITIONS = (
					"DEBUG=1",
					"$(inherited)",
				);
				GCC_WARN_64_TO_32_BIT_CONVERSION = YES;
				GCC_WARN_ABOUT_RETURN_TYPE = YES_ERROR;
				GCC_WARN_UNDECLARED_SELECTOR = YES;
				GCC_WARN_UNINITIALIZED_AUTOS = YES_AGGRESSIVE;
				GCC_WARN_UNUSED_FUNCTION = YES;
				GCC_WARN_UNUSED_VARIABLE = YES;
				LOCALIZATION_PREFERS_STRING_CATALOGS = YES;
				MACOSX_DEPLOYMENT_TARGET = 13.0;
				MTL_ENABLE_DEBUG_INFO = INCLUDE_SOURCE;
				MTL_FAST_MATH = YES;
				ONLY_ACTIVE_ARCH = YES;
				SDKROOT = macosx;
				SWIFT_ACTIVE_COMPILATION_CONDITIONS = "DEBUG $(inherited)";
				SWIFT_OPTIMIZATION_LEVEL = "-Onone";
			};
			name = Debug;
		};
		GGG000004 /* Release */ = {
			isa = XCBuildConfiguration;
			buildSettings = {
				ALWAYS_SEARCH_USER_PATHS = NO;
				ASSETCATALOG_COMPILER_GENERATE_SWIFT_ASSET_SYMBOL_EXTENSIONS = YES;
				CLANG_ANALYZER_NONNULL = YES;
				CLANG_ANALYZER_NUMBER_OBJECT_CONVERSION = YES_AGGRESSIVE;
				CLANG_CXX_LANGUAGE_STANDARD = "gnu++20";
				CLANG_ENABLE_MODULES = YES;
				CLANG_ENABLE_OBJC_ARC = YES;
				CLANG_ENABLE_OBJC_WEAK = YES;
				CLANG_WARN_BLOCK_CAPTURE_AUTORELEASING = YES;
				CLANG_WARN_BOOL_CONVERSION = YES;
				CLANG_WARN_COMMA = YES;
				CLANG_WARN_CONSTANT_CONVERSION = YES;
				CLANG_WARN_DEPRECATED_OBJC_IMPLEMENTATIONS = YES;
				CLANG_WARN_DIRECT_OBJC_ISA_USAGE = YES_ERROR;
				CLANG_WARN_DOCUMENTATION_COMMENTS = YES;
				CLANG_WARN_EMPTY_BODY = YES;
				CLANG_WARN_ENUM_CONVERSION = YES;
				CLANG_WARN_INFINITE_RECURSION = YES;
				CLANG_WARN_INT_CONVERSION = YES;
				CLANG_WARN_NON_LITERAL_NULL_CONVERSION = YES;
				CLANG_WARN_OBJC_IMPLICIT_RETAIN_SELF = YES;
				CLANG_WARN_OBJC_LITERAL_CONVERSION = YES;
				CLANG_WARN_OBJC_ROOT_CLASS = YES_ERROR;
				CLANG_WARN_QUOTED_INCLUDE_IN_FRAMEWORK_HEADER = YES;
				CLANG_WARN_RANGE_LOOP_ANALYSIS = YES;
				CLANG_WARN_STRICT_PROTOTYPES = YES;
				CLANG_WARN_SUSPICIOUS_MOVE = YES;
				CLANG_WARN_UNGUARDED_AVAILABILITY = YES_AGGRESSIVE;
				CLANG_WARN_UNREACHABLE_CODE = YES;
				CLANG_WARN__DUPLICATE_METHOD_MATCH = YES;
				COPY_PHASE_STRIP = NO;
				DEBUG_INFORMATION_FORMAT = "dwarf-with-dsym";
				ENABLE_NS_ASSERTIONS = NO;
				ENABLE_STRICT_OBJC_MSGSEND = YES;
				ENABLE_USER_SCRIPT_SANDBOXING = YES;
				GCC_C_LANGUAGE_STANDARD = gnu17;
				GCC_NO_COMMON_BLOCKS = YES;
				GCC_WARN_64_TO_32_BIT_CONVERSION = YES;
				GCC_WARN_ABOUT_RETURN_TYPE = YES_ERROR;
				GCC_WARN_UNDECLARED_SELECTOR = YES;
				GCC_WARN_UNINITIALIZED_AUTOS = YES_AGGRESSIVE;
				GCC_WARN_UNUSED_FUNCTION = YES;
				GCC_WARN_UNUSED_VARIABLE = YES;
				LOCALIZATION_PREFERS_STRING_CATALOGS = YES;
				MACOSX_DEPLOYMENT_TARGET = 13.0;
				MTL_ENABLE_DEBUG_INFO = NO;
				MTL_FAST_MATH = YES;
				SDKROOT = macosx;
				SWIFT_COMPILATION_MODE = wholemodule;
			};
			name = Release;
		};
		GGG000005 /* Debug */ = {
			isa = XCBuildConfiguration;
			buildSettings = {
				ASSETCATALOG_COMPILER_APPICON_NAME = AppIcon;
				ASSETCATALOG_COMPILER_GLOBAL_ACCENT_COLOR_NAME = AccentColor;
				CODE_SIGN_ENTITLEMENTS = ClaudeStats/ClaudeStats.entitlements;
				CODE_SIGN_STYLE = Automatic;
				COMBINE_HIDPI_IMAGES = YES;
				CURRENT_PROJECT_VERSION = 1;
				DEVELOPMENT_ASSET_PATHS = "";
				ENABLE_HARDENED_RUNTIME = YES;
				ENABLE_PREVIEWS = YES;
				GENERATE_INFOPLIST_FILE = NO;
				INFOPLIST_FILE = ClaudeStats/Info.plist;
				INFOPLIST_KEY_LSUIElement = YES;
				INFOPLIST_KEY_NSHumanReadableCopyright = "";
				LD_RUNPATH_SEARCH_PATHS = (
					"$(inherited)",
					"@executable_path/../Frameworks",
				);
				MARKETING_VERSION = 1.0;
				PRODUCT_BUNDLE_IDENTIFIER = com.claudestats.app;
				PRODUCT_NAME = "$(TARGET_NAME)";
				SWIFT_EMIT_LOC_STRINGS = YES;
				SWIFT_VERSION = 5.0;
			};
			name = Debug;
		};
		GGG000006 /* Release */ = {
			isa = XCBuildConfiguration;
			buildSettings = {
				ASSETCATALOG_COMPILER_APPICON_NAME = AppIcon;
				ASSETCATALOG_COMPILER_GLOBAL_ACCENT_COLOR_NAME = AccentColor;
				CODE_SIGN_ENTITLEMENTS = ClaudeStats/ClaudeStats.entitlements;
				CODE_SIGN_STYLE = Automatic;
				COMBINE_HIDPI_IMAGES = YES;
				CURRENT_PROJECT_VERSION = 1;
				DEVELOPMENT_ASSET_PATHS = "";
				ENABLE_HARDENED_RUNTIME = YES;
				ENABLE_PREVIEWS = YES;
				GENERATE_INFOPLIST_FILE = NO;
				INFOPLIST_FILE = ClaudeStats/Info.plist;
				INFOPLIST_KEY_LSUIElement = YES;
				INFOPLIST_KEY_NSHumanReadableCopyright = "";
				LD_RUNPATH_SEARCH_PATHS = (
					"$(inherited)",
					"@executable_path/../Frameworks",
				);
				MARKETING_VERSION = 1.0;
				PRODUCT_BUNDLE_IDENTIFIER = com.claudestats.app;
				PRODUCT_NAME = "$(TARGET_NAME)";
				SWIFT_EMIT_LOC_STRINGS = YES;
				SWIFT_VERSION = 5.0;
			};
			name = Release;
		};
/* End XCBuildConfiguration section */

/* Begin XCConfigurationList section */
		GGG000001 /* Build configuration list for PBXProject "ClaudeStats" */ = {
			isa = XCConfigurationList;
			buildConfigurations = (
				GGG000002 /* Debug */,
				GGG000004 /* Release */,
			);
			defaultConfigurationIsVisible = 0;
			defaultConfigurationName = Release;
		};
		GGG000003 /* Build configuration list for PBXNativeTarget "ClaudeStats" */ = {
			isa = XCConfigurationList;
			buildConfigurations = (
				GGG000005 /* Debug */,
				GGG000006 /* Release */,
			);
			defaultConfigurationIsVisible = 0;
			defaultConfigurationName = Release;
		};
/* End XCConfigurationList section */

	};
	rootObject = HHH000001 /* Project object */;
}
